
Microsoft Visual Studio Solution File, Format Version 12.00
# Visual Studio Version 16
VisualStudioVersion = 16.0.29102.190
MinimumVisualStudioVersion = 10.0.40219.1
Project("{FAE04EC0-301F-11D3-BF4B-00C04F79EFBC}") = "Test3", "Test3\Test3.csproj", "{D517A255-30A6-4209-971B-7A49EF845485}"
EndProject
Global
	GlobalSection(SolutionConfigurationPlatforms) = preSolution
		Debug|Any CPU = Debug|Any CPU
		Release|Any CPU = Release|Any CPU
	EndGlobalSection
	GlobalSection(ProjectConfigurationPlatforms) = postSolution
		{D517A255-30A6-4209-971B-7A49EF845485}.Debug|Any CPU.ActiveCfg = Debug|Any CPU
		{D517A255-30A6-4209-971B-7A49EF845485}.Debug|Any CPU.Build.0 = Debug|Any CPU
		{D517A255-30A6-4209-971B-7A49EF845485}.Release|Any CPU.ActiveCfg = Release|Any CPU
		{D517A255-30A6-4209-971B-7A49EF845485}.Release|Any CPU.Build.0 = Release|Any CPU
	EndGlobalSection
	GlobalSection(SolutionProperties) = preSolution
		HideSolutionNode = FALSE
	EndGlobalSection
	GlobalSection(ExtensibilityGlobals) = postSolution
		SolutionGuid = {6E3F25DE-3D22-4AD8-968E-4B6A67E0C15F}
	EndGlobalSection
EndGlobal
